
Microsoft Visual Studio Solution File, Format Version 12.00
# Visual Studio 14
VisualStudioVersion = 14.0.23107.0
MinimumVisualStudioVersion = 10.0.40219.1
Project("{FAE04EC0-301F-11D3-BF4B-00C04F79EFBC}") = "FragmentsTestApp", "FragmentsTestApp\FragmentsTestApp.csproj", "{1FB7656B-D5F5-4427-9416-3430E3FD995D}"
EndProject
Global
	GlobalSection(SolutionConfigurationPlatforms) = preSolution
		Debug|Any CPU = Debug|Any CPU
		Release|Any CPU = Release|Any CPU
	EndGlobalSection
	GlobalSection(ProjectConfigurationPlatforms) = postSolution
		{1FB7656B-D5F5-4427-9416-3430E3FD995D}.Debug|Any CPU.ActiveCfg = Debug|Any CPU
		{1FB7656B-D5F5-4427-9416-3430E3FD995D}.Debug|Any CPU.Build.0 = Debug|Any CPU
		{1FB7656B-D5F5-4427-9416-3430E3FD995D}.Debug|Any CPU.Deploy.0 = Debug|Any CPU
		{1FB7656B-D5F5-4427-9416-3430E3FD995D}.Release|Any CPU.ActiveCfg = Release|Any CPU
		{1FB7656B-D5F5-4427-9416-3430E3FD995D}.Release|Any CPU.Build.0 = Release|Any CPU
		{1FB7656B-D5F5-4427-9416-3430E3FD995D}.Release|Any CPU.Deploy.0 = Release|Any CPU
	EndGlobalSection
	GlobalSection(SolutionProperties) = preSolution
		HideSolutionNode = FALSE
	EndGlobalSection
EndGlobal
